
Microsoft Visual Studio Solution File, Format Version 12.00
# Visual Studio Version 16
VisualStudioVersion = 16.0.30114.105
MinimumVisualStudioVersion = 10.0.40219.1
Project("{FAE04EC0-301F-11D3-BF4B-00C04F79EFBC}") = "TesterApp", "TesterApp\TesterApp.csproj", "{AE79EACD-CF4E-492D-B81E-0E18E192C01B}"
EndProject
Project("{FAE04EC0-301F-11D3-BF4B-00C04F79EFBC}") = "TesterApp_Tests", "TesterApp_Tests\TesterApp_Tests.csproj", "{C78F1D1A-68C7-411A-9A00-7C94607B8E37}"
EndProject
Global
	GlobalSection(SolutionConfigurationPlatforms) = preSolution
		Debug|Any CPU = Debug|Any CPU
		Release|Any CPU = Release|Any CPU
	EndGlobalSection
	GlobalSection(ProjectConfigurationPlatforms) = postSolution
		{AE79EACD-CF4E-492D-B81E-0E18E192C01B}.Debug|Any CPU.ActiveCfg = Debug|Any CPU
		{AE79EACD-CF4E-492D-B81E-0E18E192C01B}.Debug|Any CPU.Build.0 = Debug|Any CPU
		{AE79EACD-CF4E-492D-B81E-0E18E192C01B}.Release|Any CPU.ActiveCfg = Release|Any CPU
		{AE79EACD-CF4E-492D-B81E-0E18E192C01B}.Release|Any CPU.Build.0 = Release|Any CPU
		{C78F1D1A-68C7-411A-9A00-7C94607B8E37}.Debug|Any CPU.ActiveCfg = Debug|Any CPU
		{C78F1D1A-68C7-411A-9A00-7C94607B8E37}.Debug|Any CPU.Build.0 = Debug|Any CPU
		{C78F1D1A-68C7-411A-9A00-7C94607B8E37}.Release|Any CPU.ActiveCfg = Release|Any CPU
		{C78F1D1A-68C7-411A-9A00-7C94607B8E37}.Release|Any CPU.Build.0 = Release|Any CPU
	EndGlobalSection
	GlobalSection(SolutionProperties) = preSolution
		HideSolutionNode = FALSE
	EndGlobalSection
	GlobalSection(ExtensibilityGlobals) = postSolution
		SolutionGuid = {33FD012F-33D3-41D6-AE26-7A993675B64D}
	EndGlobalSection
EndGlobal
